lockfileVersion: '9.0'

settings:
  autoInstallPeers: true
  excludeLinksFromLockfile: false

catalogs:
  default:
    is-odd:
      specifier: 1.0.0
      version: 1.0.0
    react:
      specifier: 16.8.1
      version: 16.8.1

pnpmfileChecksum: sha256-s32VDUmHChuitw6ZIQG0zD2Hjps9KDtPwK+dGYpOYXo=

importers:

  .: {}

  project1:
    dependencies:
      react:
        specifier: 'catalog:'
        version: 16.8.1

  project2:
    dependencies:
      is-odd:
        specifier: 'catalog:'
        version: 1.0.0
      react:
        specifier: 'catalog:'
        version: 16.8.1

packages:

  is-buffer@1.1.6:
    resolution: {integrity: sha512-NcdALwpXkTm5Zvvbk7owOUSvVvBKDgKP5/ewfXEznmQFfs4ZRmanOeKBTjRVjka3QFoN6XJ+9F3USqfHqTaU5w==}

  is-number@3.0.0:
    resolution: {integrity: sha512-4cboCqIpliH+mAvFNegjZQ4kgKc3ZUhQVr3HvWbSh5q3WH2v82ct+T2Y1hdU5Gdtorx/cLifQjqCbL7bpznLTg==}
    engines: {node: '>=0.10.0'}

  is-odd@1.0.0:
    resolution: {integrity: sha512-yIhxkKCK7pZnj48WBvaTQ36Or7PymGYqmZrSNqkrhmU3pakkp2TWhuN7hH25bqJgH+Xq4IZ3QNd3+QVshldEHA==}
    engines: {node: '>=0.10.0'}

  js-tokens@4.0.0:
    resolution: {integrity: sha512-RdJUflcE3cUzKiMqQgsCu06FPu9UdIJO0beYbPhHN4k6apgJtifcoCtT9bcxOpYBtpD2kCM6Sbzg4CausW/PKQ==}

  kind-of@3.2.2:
    resolution: {integrity: sha512-NOW9QQXMoZGg/oqnVNoNTTIFEIid1627WCffUBJEdMxYApq7mNE7CpzucIPc+ZQg25Phej7IJSmX3hO+oblOtQ==}
    engines: {node: '>=0.10.0'}

  loose-envify@1.4.0:
    resolution: {integrity: sha512-lyuxPGr/Wfhrlem2CL/UcnUc1zcqKAImBDzukY7Y5F/yQiNdko6+fRLevlw1HgMySw7f611UIY408EtxRSoK3Q==}
    hasBin: true

  object-assign@4.1.1:
    resolution: {integrity: sha512-rJgTQnkUnH1sFw8yT6VSU3zD3sWmu6sZhIseY8VX+GRu3P6F7Fu+JNDoXfklElbLJSnc3FUQHVe4cU5hj+BcUg==}
    engines: {node: '>=0.10.0'}

  prop-types@15.8.1:
    resolution: {integrity: sha512-oj87CgZICdulUohogVAR7AjlC0327U4el4L6eAvOqCeudMDVU0NThNaV+b9Df4dXgSP1gXMTnPdhfe/2qDH5cg==}

  react-is@16.13.1:
    resolution: {integrity: sha512-24e6ynE2H+OKt4kqsOvNd8kBpV65zoxbA4BVsEOB3ARVWQki/DHzaUoC5KuON/BiccDaCCTZBuOcfZs70kR8bQ==}

  react@16.8.1:
    resolution: {integrity: sha512-wLw5CFGPdo7p/AgteFz7GblI2JPOos0+biSoxf1FPsGxWQZdN/pj6oToJs1crn61DL3Ln7mN86uZ4j74p31ELQ==}
    engines: {node: '>=0.10.0'}

  scheduler@0.13.6:
    resolution: {integrity: sha512-IWnObHt413ucAYKsD9J1QShUKkbKLQQHdxRyw73sw4FN26iWr3DY/H34xGPe4nmL1DwXyWmSWmMrA9TfQbE/XQ==}

snapshots:

  is-buffer@1.1.6: {}

  is-number@3.0.0:
    dependencies:
      kind-of: 3.2.2

  is-odd@1.0.0:
    dependencies:
      is-number: 3.0.0

  js-tokens@4.0.0: {}

  kind-of@3.2.2:
    dependencies:
      is-buffer: 1.1.6

  loose-envify@1.4.0:
    dependencies:
      js-tokens: 4.0.0

  object-assign@4.1.1: {}

  prop-types@15.8.1:
    dependencies:
      loose-envify: 1.4.0
      object-assign: 4.1.1
      react-is: 16.13.1

  react-is@16.13.1: {}

  react@16.8.1:
    dependencies:
      loose-envify: 1.4.0
      object-assign: 4.1.1
      prop-types: 15.8.1
      scheduler: 0.13.6

  scheduler@0.13.6:
    dependencies:
      loose-envify: 1.4.0
      object-assign: 4.1.1
